
Microsoft Visual Studio Solution File, Format Version 12.00
# Visual Studio Version 16
VisualStudioVersion = 16.0.31624.102
MinimumVisualStudioVersion = 10.0.40219.1
Project("{9A19103F-16F7-4668-BE54-9A1E7A4F7556}") = "eShopSolution.WebApp", "eShopSolution.WebApp\eShopSolution.WebApp.csproj", "{F4FB7653-4670-4AA7-87CB-CE49A49B0AA8}"
EndProject
Project("{2150E333-8FDC-42A3-9474-1A3956D46DE8}") = "Solution Items", "Solution Items", "{C7DDAD22-95AD-4877-A3DA-C3A4B735FE29}"
	ProjectSection(SolutionItems) = preProject
		README.md = README.md
	EndProjectSection
EndProject
Global
	GlobalSection(SolutionConfigurationPlatforms) = preSolution
		Debug|Any CPU = Debug|Any CPU
		Release|Any CPU = Release|Any CPU
	EndGlobalSection
	GlobalSection(ProjectConfigurationPlatforms) = postSolution
		{F4FB7653-4670-4AA7-87CB-CE49A49B0AA8}.Debug|Any CPU.ActiveCfg = Debug|Any CPU
		{F4FB7653-4670-4AA7-87CB-CE49A49B0AA8}.Debug|Any CPU.Build.0 = Debug|Any CPU
		{F4FB7653-4670-4AA7-87CB-CE49A49B0AA8}.Release|Any CPU.ActiveCfg = Release|Any CPU
		{F4FB7653-4670-4AA7-87CB-CE49A49B0AA8}.Release|Any CPU.Build.0 = Release|Any CPU
	EndGlobalSection
	GlobalSection(SolutionProperties) = preSolution
		HideSolutionNode = FALSE
	EndGlobalSection
	GlobalSection(ExtensibilityGlobals) = postSolution
		SolutionGuid = {2F867398-128A-4A36-B309-AE4113F5F3D9}
	EndGlobalSection
EndGlobal
